
Microsoft Visual Studio Solution File, Format Version 12.00
# Visual Studio Version 17
VisualStudioVersion = 17.14.36121.58 d17.14
MinimumVisualStudioVersion = 10.0.40219.1
Project("{FAE04EC0-301F-11D3-BF4B-00C04F79EFBC}") = "MyAdditionCalculator", "MyAdditionCalculator\MyAdditionCalculator.csproj", "{30F1A871-AF0F-4E0C-9A3A-4EAD4EF1028A}"
EndProject
Global
	GlobalSection(SolutionConfigurationPlatforms) = preSolution
		Debug|Any CPU = Debug|Any CPU
		Release|Any CPU = Release|Any CPU
	EndGlobalSection
	GlobalSection(ProjectConfigurationPlatforms) = postSolution
		{30F1A871-AF0F-4E0C-9A3A-4EAD4EF1028A}.Debug|Any CPU.ActiveCfg = Debug|Any CPU
		{30F1A871-AF0F-4E0C-9A3A-4EAD4EF1028A}.Debug|Any CPU.Build.0 = Debug|Any CPU
		{30F1A871-AF0F-4E0C-9A3A-4EAD4EF1028A}.Release|Any CPU.ActiveCfg = Release|Any CPU
		{30F1A871-AF0F-4E0C-9A3A-4EAD4EF1028A}.Release|Any CPU.Build.0 = Release|Any CPU
	EndGlobalSection
	GlobalSection(SolutionProperties) = preSolution
		HideSolutionNode = FALSE
	EndGlobalSection
	GlobalSection(ExtensibilityGlobals) = postSolution
		SolutionGuid = {571EC364-72B5-4CC9-9AC9-F17BB2B17F0D}
	EndGlobalSection
EndGlobal
