
Microsoft Visual Studio Solution File, Format Version 12.00
# Visual Studio Version 17
VisualStudioVersion = 17.14.36121.58 d17.14
MinimumVisualStudioVersion = 10.0.40219.1
Project("{FAE04EC0-301F-11D3-BF4B-00C04F79EFBC}") = "PrimeNumberChecker", "PrimeNumberChecker\PrimeNumberChecker.csproj", "{1DA03DB6-0D05-4731-9EFC-33DF9BD12F05}"
EndProject
Global
	GlobalSection(SolutionConfigurationPlatforms) = preSolution
		Debug|Any CPU = Debug|Any CPU
		Release|Any CPU = Release|Any CPU
	EndGlobalSection
	GlobalSection(ProjectConfigurationPlatforms) = postSolution
		{1DA03DB6-0D05-4731-9EFC-33DF9BD12F05}.Debug|Any CPU.ActiveCfg = Debug|Any CPU
		{1DA03DB6-0D05-4731-9EFC-33DF9BD12F05}.Debug|Any CPU.Build.0 = Debug|Any CPU
		{1DA03DB6-0D05-4731-9EFC-33DF9BD12F05}.Release|Any CPU.ActiveCfg = Release|Any CPU
		{1DA03DB6-0D05-4731-9EFC-33DF9BD12F05}.Release|Any CPU.Build.0 = Release|Any CPU
	EndGlobalSection
	GlobalSection(SolutionProperties) = preSolution
		HideSolutionNode = FALSE
	EndGlobalSection
	GlobalSection(ExtensibilityGlobals) = postSolution
		SolutionGuid = {6FE5DCD3-4B27-4011-AE67-23A3562F4C1D}
	EndGlobalSection
EndGlobal
