
Microsoft Visual Studio Solution File, Format Version 12.00
# Visual Studio Version 17
VisualStudioVersion = 17.14.36121.58 d17.14
MinimumVisualStudioVersion = 10.0.40219.1
Project("{FAE04EC0-301F-11D3-BF4B-00C04F79EFBC}") = "ClassesApp", "ClassesApp\ClassesApp.csproj", "{D8EB10E1-E8F7-40CD-8CEB-B3346D351D20}"
EndProject
Global
	GlobalSection(SolutionConfigurationPlatforms) = preSolution
		Debug|Any CPU = Debug|Any CPU
		Release|Any CPU = Release|Any CPU
	EndGlobalSection
	GlobalSection(ProjectConfigurationPlatforms) = postSolution
		{D8EB10E1-E8F7-40CD-8CEB-B3346D351D20}.Debug|Any CPU.ActiveCfg = Debug|Any CPU
		{D8EB10E1-E8F7-40CD-8CEB-B3346D351D20}.Debug|Any CPU.Build.0 = Debug|Any CPU
		{D8EB10E1-E8F7-40CD-8CEB-B3346D351D20}.Release|Any CPU.ActiveCfg = Release|Any CPU
		{D8EB10E1-E8F7-40CD-8CEB-B3346D351D20}.Release|Any CPU.Build.0 = Release|Any CPU
	EndGlobalSection
	GlobalSection(SolutionProperties) = preSolution
		HideSolutionNode = FALSE
	EndGlobalSection
	GlobalSection(ExtensibilityGlobals) = postSolution
		SolutionGuid = {A30A15B1-1F16-44E2-9BC1-080AD1D379B7}
	EndGlobalSection
EndGlobal
